
Microsoft Visual Studio Solution File, Format Version 12.00
# Visual Studio Version 16
VisualStudioVersion = 16.0.30611.23
MinimumVisualStudioVersion = 10.0.40219.1
Project("{FAE04EC0-301F-11D3-BF4B-00C04F79EFBC}") = "Assignment6Services", "Assignment6Services\Assignment6Services.csproj", "{6E4E476A-E547-46B4-BC3C-9163DFF75A39}"
EndProject
Global
	GlobalSection(SolutionConfigurationPlatforms) = preSolution
		Debug|Any CPU = Debug|Any CPU
		Release|Any CPU = Release|Any CPU
	EndGlobalSection
	GlobalSection(ProjectConfigurationPlatforms) = postSolution
		{6E4E476A-E547-46B4-BC3C-9163DFF75A39}.Debug|Any CPU.ActiveCfg = Debug|Any CPU
		{6E4E476A-E547-46B4-BC3C-9163DFF75A39}.Debug|Any CPU.Build.0 = Debug|Any CPU
		{6E4E476A-E547-46B4-BC3C-9163DFF75A39}.Release|Any CPU.ActiveCfg = Release|Any CPU
		{6E4E476A-E547-46B4-BC3C-9163DFF75A39}.Release|Any CPU.Build.0 = Release|Any CPU
	EndGlobalSection
	GlobalSection(SolutionProperties) = preSolution
		HideSolutionNode = FALSE
	EndGlobalSection
	GlobalSection(ExtensibilityGlobals) = postSolution
		SolutionGuid = {C889A915-8434-4E3C-BD5C-BF6D412BF623}
	EndGlobalSection
EndGlobal
